
Microsoft Visual Studio Solution File, Format Version 12.00
# Visual Studio 2015
Project("{FAE04EC0-301F-11D3-BF4B-00C04F79EFBC}") = "Deus Oceanum.CSharp.Plugins", "Deus Oceanum.CSharp.Plugins.csproj", "{058B23E6-0085-9C7F-B9D1-5B029531280C}"
EndProject
Project("{FAE04EC0-301F-11D3-BF4B-00C04F79EFBC}") = "Deus Oceanum.CSharp", "Deus Oceanum.CSharp.csproj", "{A8B11038-ABC6-698A-A576-8632CAE1B58C}"
EndProject
Project("{FAE04EC0-301F-11D3-BF4B-00C04F79EFBC}") = "Deus Oceanum.CSharp.Editor", "Deus Oceanum.CSharp.Editor.csproj", "{79BF822B-0ED1-4D49-9AA1-DBFA21FCD200}"
EndProject
Global
	GlobalSection(SolutionConfigurationPlatforms) = preSolution
		Debug|Any CPU = Debug|Any CPU
		Release|Any CPU = Release|Any CPU
	EndGlobalSection
	GlobalSection(ProjectConfigurationPlatforms) = postSolution
		{058B23E6-0085-9C7F-B9D1-5B029531280C}.Debug|Any CPU.ActiveCfg = Debug|Any CPU
		{058B23E6-0085-9C7F-B9D1-5B029531280C}.Debug|Any CPU.Build.0 = Debug|Any CPU
		{058B23E6-0085-9C7F-B9D1-5B029531280C}.Release|Any CPU.ActiveCfg = Release|Any CPU
		{058B23E6-0085-9C7F-B9D1-5B029531280C}.Release|Any CPU.Build.0 = Release|Any CPU
		{A8B11038-ABC6-698A-A576-8632CAE1B58C}.Debug|Any CPU.ActiveCfg = Debug|Any CPU
		{A8B11038-ABC6-698A-A576-8632CAE1B58C}.Debug|Any CPU.Build.0 = Debug|Any CPU
		{A8B11038-ABC6-698A-A576-8632CAE1B58C}.Release|Any CPU.ActiveCfg = Release|Any CPU
		{A8B11038-ABC6-698A-A576-8632CAE1B58C}.Release|Any CPU.Build.0 = Release|Any CPU
		{79BF822B-0ED1-4D49-9AA1-DBFA21FCD200}.Debug|Any CPU.ActiveCfg = Debug|Any CPU
		{79BF822B-0ED1-4D49-9AA1-DBFA21FCD200}.Debug|Any CPU.Build.0 = Debug|Any CPU
		{79BF822B-0ED1-4D49-9AA1-DBFA21FCD200}.Release|Any CPU.ActiveCfg = Release|Any CPU
		{79BF822B-0ED1-4D49-9AA1-DBFA21FCD200}.Release|Any CPU.Build.0 = Release|Any CPU
	EndGlobalSection
	GlobalSection(SolutionProperties) = preSolution
		HideSolutionNode = FALSE
	EndGlobalSection
EndGlobal
